<?xml version="1.0" encoding="UTF-8" standalone="yes" ?>
<CodeBlocks_project_file>
	<FileVersion major="1" minor="6" />
	<Project>
		<Option title="Labirynt" />
		<Option pch_mode="2" />
		<Option compiler="gcc" />
		<Build>
			<Target title="Debug">
				<Option output="bin/Debug/Labirynt" prefix_auto="1" extension_auto="1" />
				<Option object_output="obj/Debug/" />
				<Option type="0" />
				<Option compiler="gcc" />
				<Compiler>
					<Add option="-g" />
				</Compiler>
			</Target>
			<Target title="Release">
				<Option output="bin/Release/Labirynt" prefix_auto="1" extension_auto="1" />
				<Option object_output="obj/Release/" />
				<Option type="0" />
				<Option compiler="gcc" />
				<Compiler>
					<Add option="-O2" />
				</Compiler>
				<Linker>
					<Add option="-s" />
				</Linker>
			</Target>
		</Build>
		<Compiler>
			<Add option="-Wall" />
			<Add directory="SFML-2.5.1/include" />
		</Compiler>
		<Linker>
			<Add library="SFML-2.5.1/lib/libFLAC.a" />
			<Add library="SFML-2.5.1/lib/libfreetype.a" />
			<Add library="SFML-2.5.1/lib/libogg.a" />
			<Add library="SFML-2.5.1/lib/libopenal32.a" />
			<Add library="SFML-2.5.1/lib/libsfml-audio.a" />
			<Add library="SFML-2.5.1/lib/libsfml-audio-d.a" />
			<Add library="SFML-2.5.1/lib/libsfml-audio-s.a" />
			<Add library="SFML-2.5.1/lib/libsfml-audio-s-d.a" />
			<Add library="SFML-2.5.1/lib/libsfml-graphics.a" />
			<Add library="SFML-2.5.1/lib/libsfml-graphics-d.a" />
			<Add library="SFML-2.5.1/lib/libsfml-graphics-s.a" />
			<Add library="SFML-2.5.1/lib/libsfml-graphics-s-d.a" />
			<Add library="SFML-2.5.1/lib/libsfml-main.a" />
			<Add library="SFML-2.5.1/lib/libsfml-main-d.a" />
			<Add library="SFML-2.5.1/lib/libsfml-network.a" />
			<Add library="SFML-2.5.1/lib/libsfml-network-d.a" />
			<Add library="SFML-2.5.1/lib/libsfml-network-s.a" />
			<Add library="SFML-2.5.1/lib/libsfml-network-s-d.a" />
			<Add library="SFML-2.5.1/lib/libsfml-system.a" />
			<Add library="SFML-2.5.1/lib/libsfml-system-d.a" />
			<Add library="SFML-2.5.1/lib/libsfml-system-s.a" />
			<Add library="SFML-2.5.1/lib/libsfml-system-s-d.a" />
			<Add library="SFML-2.5.1/lib/libsfml-window.a" />
			<Add library="SFML-2.5.1/lib/libsfml-window-d.a" />
			<Add library="SFML-2.5.1/lib/libsfml-window-s.a" />
			<Add library="SFML-2.5.1/lib/libsfml-window-s-d.a" />
			<Add library="SFML-2.5.1/lib/libvorbis.a" />
			<Add library="SFML-2.5.1/lib/libvorbisenc.a" />
			<Add library="SFML-2.5.1/lib/libvorbisfile.a" />
			<Add directory="SFML-2.5.1/lib" />
		</Linker>
		<Unit filename="board.cpp" />
		<Unit filename="board.hpp" />
		<Unit filename="button.cpp" />
		<Unit filename="button.hpp" />
		<Unit filename="button_onclicks.cpp" />
		<Unit filename="button_onclicks.hpp" />
		<Unit filename="consts.cpp" />
		<Unit filename="consts.hpp" />
		<Unit filename="controller.cpp" />
		<Unit filename="controller.hpp" />
		<Unit filename="editor.cpp" />
		<Unit filename="editor.hpp" />
		<Unit filename="entity.cpp" />
		<Unit filename="entity.hpp" />
		<Unit filename="enums.cpp" />
		<Unit filename="enums.hpp" />
		<Unit filename="game_state.cpp" />
		<Unit filename="game_state.hpp" />
		<Unit filename="main.cpp" />
		<Unit filename="main_controller.cpp" />
		<Unit filename="main_controller.hpp" />
		<Unit filename="tile.cpp" />
		<Unit filename="tile.hpp" />
		<Extensions>
			<code_completion />
			<envvars />
			<debugger />
		</Extensions>
	</Project>
</CodeBlocks_project_file>
